{
  "requires": true,
  "lockfileVersion": 1,
  "dependencies": {
    "rc-easyui": {
      "version": "1.2.4",
      "resolved": "https://registry.npmjs.org/rc-easyui/-/rc-easyui-1.2.4.tgz",
      "integrity": "sha512-DzcqTAU6AQ6XohdSFXNTC+HTwBB+5f8tLf9TdELf0rX/J3Ks0AGiuRq2NimlsiKBq3P1hBAcc6ZZr1meB4ldRA=="
    }
  }
}
